
Microsoft Visual Studio Solution File, Format Version 12.00
# Visual Studio Version 17
VisualStudioVersion = 17.11.35312.102
MinimumVisualStudioVersion = 10.0.40219.1
Project("{FAE04EC0-301F-11D3-BF4B-00C04F79EFBC}") = "hm9", "hm9\hm9.csproj", "{28E36B79-8143-4889-BCBC-8E0EEC198421}"
EndProject
Global
	GlobalSection(SolutionConfigurationPlatforms) = preSolution
		Debug|Any CPU = Debug|Any CPU
		Release|Any CPU = Release|Any CPU
	EndGlobalSection
	GlobalSection(ProjectConfigurationPlatforms) = postSolution
		{28E36B79-8143-4889-BCBC-8E0EEC198421}.Debug|Any CPU.ActiveCfg = Debug|Any CPU
		{28E36B79-8143-4889-BCBC-8E0EEC198421}.Debug|Any CPU.Build.0 = Debug|Any CPU
		{28E36B79-8143-4889-BCBC-8E0EEC198421}.Release|Any CPU.ActiveCfg = Release|Any CPU
		{28E36B79-8143-4889-BCBC-8E0EEC198421}.Release|Any CPU.Build.0 = Release|Any CPU
	EndGlobalSection
	GlobalSection(SolutionProperties) = preSolution
		HideSolutionNode = FALSE
	EndGlobalSection
	GlobalSection(ExtensibilityGlobals) = postSolution
		SolutionGuid = {948E36BD-DF8F-4EDD-851A-2E54DC7C9C51}
	EndGlobalSection
EndGlobal
